
Microsoft Visual Studio Solution File, Format Version 12.00
# Visual Studio Version 17
VisualStudioVersion = 17.3.32929.385
MinimumVisualStudioVersion = 10.0.40219.1
Project("{9A19103F-16F7-4668-BE54-9A1E7A4F7556}") = "Adroit.Accounting.Web", "Adroit.Accounting.Web\Adroit.Accounting.Web.csproj", "{16FE9C58-FF8A-4E0E-A85B-6B66ECEF291F}"
EndProject
Project("{9A19103F-16F7-4668-BE54-9A1E7A4F7556}") = "Adroit.Accounting.SQL", "Adroit.Accounting.SQL\Adroit.Accounting.SQL.csproj", "{A4FD1CF8-E33C-4A70-864C-3585CAD20B13}"
EndProject
Project("{9A19103F-16F7-4668-BE54-9A1E7A4F7556}") = "Adroit.Accounting.Model", "Adroit.Accounting.Model\Adroit.Accounting.Model.csproj", "{A12FAA2C-57D2-4A46-8D22-3CEA4AA3BF18}"
EndProject
Project("{9A19103F-16F7-4668-BE54-9A1E7A4F7556}") = "Adroit.Accounting.Repository", "Adroit.Accounting.Repository\Adroit.Accounting.Repository.csproj", "{05DEE690-F6FF-4FCB-9278-B55DA7800A59}"
EndProject
Global
	GlobalSection(SolutionConfigurationPlatforms) = preSolution
		Debug|Any CPU = Debug|Any CPU
		Release|Any CPU = Release|Any CPU
	EndGlobalSection
	GlobalSection(ProjectConfigurationPlatforms) = postSolution
		{16FE9C58-FF8A-4E0E-A85B-6B66ECEF291F}.Debug|Any CPU.ActiveCfg = Debug|Any CPU
		{16FE9C58-FF8A-4E0E-A85B-6B66ECEF291F}.Debug|Any CPU.Build.0 = Debug|Any CPU
		{16FE9C58-FF8A-4E0E-A85B-6B66ECEF291F}.Release|Any CPU.ActiveCfg = Release|Any CPU
		{16FE9C58-FF8A-4E0E-A85B-6B66ECEF291F}.Release|Any CPU.Build.0 = Release|Any CPU
		{A4FD1CF8-E33C-4A70-864C-3585CAD20B13}.Debug|Any CPU.ActiveCfg = Debug|Any CPU
		{A4FD1CF8-E33C-4A70-864C-3585CAD20B13}.Debug|Any CPU.Build.0 = Debug|Any CPU
		{A4FD1CF8-E33C-4A70-864C-3585CAD20B13}.Release|Any CPU.ActiveCfg = Release|Any CPU
		{A4FD1CF8-E33C-4A70-864C-3585CAD20B13}.Release|Any CPU.Build.0 = Release|Any CPU
		{A12FAA2C-57D2-4A46-8D22-3CEA4AA3BF18}.Debug|Any CPU.ActiveCfg = Debug|Any CPU
		{A12FAA2C-57D2-4A46-8D22-3CEA4AA3BF18}.Debug|Any CPU.Build.0 = Debug|Any CPU
		{A12FAA2C-57D2-4A46-8D22-3CEA4AA3BF18}.Release|Any CPU.ActiveCfg = Release|Any CPU
		{A12FAA2C-57D2-4A46-8D22-3CEA4AA3BF18}.Release|Any CPU.Build.0 = Release|Any CPU
		{05DEE690-F6FF-4FCB-9278-B55DA7800A59}.Debug|Any CPU.ActiveCfg = Debug|Any CPU
		{05DEE690-F6FF-4FCB-9278-B55DA7800A59}.Debug|Any CPU.Build.0 = Debug|Any CPU
		{05DEE690-F6FF-4FCB-9278-B55DA7800A59}.Release|Any CPU.ActiveCfg = Release|Any CPU
		{05DEE690-F6FF-4FCB-9278-B55DA7800A59}.Release|Any CPU.Build.0 = Release|Any CPU
	EndGlobalSection
	GlobalSection(SolutionProperties) = preSolution
		HideSolutionNode = FALSE
	EndGlobalSection
	GlobalSection(ExtensibilityGlobals) = postSolution
		SolutionGuid = {CB7FAD29-2CCE-46E5-9E7E-A4AA544850EF}
	EndGlobalSection
EndGlobal
